
Microsoft Visual Studio Solution File, Format Version 12.00
# Visual Studio 15
VisualStudioVersion = 15.0.27130.2027
MinimumVisualStudioVersion = 10.0.40219.1
Project("{FAE04EC0-301F-11D3-BF4B-00C04F79EFBC}") = "PowerManager", "PowerManger\PowerManager.csproj", "{B5863E48-F3A4-4BA7-84C6-53E44C951C7A}"
EndProject
Project("{FAE04EC0-301F-11D3-BF4B-00C04F79EFBC}") = "PowerManager.Test", "PowerManager.Test\PowerManager.Test.csproj", "{87945BE5-12CF-42B4-B0E6-5889CD74DBE8}"
EndProject
Global
	GlobalSection(SolutionConfigurationPlatforms) = preSolution
		Debug|Any CPU = Debug|Any CPU
		Release|Any CPU = Release|Any CPU
	EndGlobalSection
	GlobalSection(ProjectConfigurationPlatforms) = postSolution
		{B5863E48-F3A4-4BA7-84C6-53E44C951C7A}.Debug|Any CPU.ActiveCfg = Debug|Any CPU
		{B5863E48-F3A4-4BA7-84C6-53E44C951C7A}.Debug|Any CPU.Build.0 = Debug|Any CPU
		{B5863E48-F3A4-4BA7-84C6-53E44C951C7A}.Release|Any CPU.ActiveCfg = Release|Any CPU
		{B5863E48-F3A4-4BA7-84C6-53E44C951C7A}.Release|Any CPU.Build.0 = Release|Any CPU
		{87945BE5-12CF-42B4-B0E6-5889CD74DBE8}.Debug|Any CPU.ActiveCfg = Debug|Any CPU
		{87945BE5-12CF-42B4-B0E6-5889CD74DBE8}.Debug|Any CPU.Build.0 = Debug|Any CPU
		{87945BE5-12CF-42B4-B0E6-5889CD74DBE8}.Release|Any CPU.ActiveCfg = Release|Any CPU
		{87945BE5-12CF-42B4-B0E6-5889CD74DBE8}.Release|Any CPU.Build.0 = Release|Any CPU
	EndGlobalSection
	GlobalSection(SolutionProperties) = preSolution
		HideSolutionNode = FALSE
	EndGlobalSection
	GlobalSection(ExtensibilityGlobals) = postSolution
		SolutionGuid = {E19AD99F-1838-4DA0-861B-47C513939298}
	EndGlobalSection
EndGlobal
